
Microsoft Visual Studio Solution File, Format Version 12.00
# Visual Studio 15
VisualStudioVersion = 15.0.28307.572
MinimumVisualStudioVersion = 10.0.40219.1
Project("{FAE04EC0-301F-11D3-BF4B-00C04F79EFBC}") = "XFSVGUIElement.Android", "XFSVGUIElement\XFSVGUIElement.Android\XFSVGUIElement.Android.csproj", "{3A95D016-8374-4A85-8E8E-6214F5A9BC9A}"
EndProject
Project("{FAE04EC0-301F-11D3-BF4B-00C04F79EFBC}") = "XFSVGUIElement.iOS", "XFSVGUIElement\XFSVGUIElement.iOS\XFSVGUIElement.iOS.csproj", "{1EF534B5-1546-44D1-9A17-25880AC90F30}"
EndProject
Project("{9A19103F-16F7-4668-BE54-9A1E7A4F7556}") = "XFSVGUIElement", "XFSVGUIElement\XFSVGUIElement\XFSVGUIElement.csproj", "{07B469A5-A474-48EF-B1FF-77B7A0DFFAFA}"
EndProject
Global
	GlobalSection(SolutionConfigurationPlatforms) = preSolution
		Ad-Hoc|Any CPU = Ad-Hoc|Any CPU
		Ad-Hoc|ARM = Ad-Hoc|ARM
		Ad-Hoc|ARM64 = Ad-Hoc|ARM64
		Ad-Hoc|iPhone = Ad-Hoc|iPhone
		Ad-Hoc|iPhoneSimulator = Ad-Hoc|iPhoneSimulator
		Ad-Hoc|x64 = Ad-Hoc|x64
		Ad-Hoc|x86 = Ad-Hoc|x86
		AppStore|Any CPU = AppStore|Any CPU
		AppStore|ARM = AppStore|ARM
		AppStore|ARM64 = AppStore|ARM64
		AppStore|iPhone = AppStore|iPhone
		AppStore|iPhoneSimulator = AppStore|iPhoneSimulator
		AppStore|x64 = AppStore|x64
		AppStore|x86 = AppStore|x86
		Debug|Any CPU = Debug|Any CPU
		Debug|ARM = Debug|ARM
		Debug|ARM64 = Debug|ARM64
		Debug|iPhone = Debug|iPhone
		Debug|iPhoneSimulator = Debug|iPhoneSimulator
		Debug|x64 = Debug|x64
		Debug|x86 = Debug|x86
		Release|Any CPU = Release|Any CPU
		Release|ARM = Release|ARM
		Release|ARM64 = Release|ARM64
		Release|iPhone = Release|iPhone
		Release|iPhoneSimulator = Release|iPhoneSimulator
		Release|x64 = Release|x64
		Release|x86 = Release|x86
	EndGlobalSection
	GlobalSection(ProjectConfigurationPlatforms) = postSolution
		{3A95D016-8374-4A85-8E8E-6214F5A9BC9A}.Ad-Hoc|Any CPU.ActiveCfg = Release|Any CPU
		{3A95D016-8374-4A85-8E8E-6214F5A9BC9A}.Ad-Hoc|Any CPU.Build.0 = Release|Any CPU
		{3A95D016-8374-4A85-8E8E-6214F5A9BC9A}.Ad-Hoc|Any CPU.Deploy.0 = Release|Any CPU
		{3A95D016-8374-4A85-8E8E-6214F5A9BC9A}.Ad-Hoc|ARM.ActiveCfg = Debug|Any CPU
		{3A95D016-8374-4A85-8E8E-6214F5A9BC9A}.Ad-Hoc|ARM.Build.0 = Debug|Any CPU
		{3A95D016-8374-4A85-8E8E-6214F5A9BC9A}.Ad-Hoc|ARM.Deploy.0 = Debug|Any CPU
		{3A95D016-8374-4A85-8E8E-6214F5A9BC9A}.Ad-Hoc|ARM64.ActiveCfg = Debug|Any CPU
		{3A95D016-8374-4A85-8E8E-6214F5A9BC9A}.Ad-Hoc|ARM64.Build.0 = Debug|Any CPU
		{3A95D016-8374-4A85-8E8E-6214F5A9BC9A}.Ad-Hoc|ARM64.Deploy.0 = Debug|Any CPU
		{3A95D016-8374-4A85-8E8E-6214F5A9BC9A}.Ad-Hoc|iPhone.ActiveCfg = Release|Any CPU
		{3A95D016-8374-4A85-8E8E-6214F5A9BC9A}.Ad-Hoc|iPhone.Build.0 = Release|Any CPU
		{3A95D016-8374-4A85-8E8E-6214F5A9BC9A}.Ad-Hoc|iPhone.Deploy.0 = Release|Any CPU
		{3A95D016-8374-4A85-8E8E-6214F5A9BC9A}.Ad-Hoc|iPhoneSimulator.ActiveCfg = Release|Any CPU
		{3A95D016-8374-4A85-8E8E-6214F5A9BC9A}.Ad-Hoc|iPhoneSimulator.Build.0 = Release|Any CPU
		{3A95D016-8374-4A85-8E8E-6214F5A9BC9A}.Ad-Hoc|iPhoneSimulator.Deploy.0 = Release|Any CPU
		{3A95D016-8374-4A85-8E8E-6214F5A9BC9A}.Ad-Hoc|x64.ActiveCfg = Debug|Any CPU
		{3A95D016-8374-4A85-8E8E-6214F5A9BC9A}.Ad-Hoc|x64.Build.0 = Debug|Any CPU
		{3A95D016-8374-4A85-8E8E-6214F5A9BC9A}.Ad-Hoc|x64.Deploy.0 = Debug|Any CPU
		{3A95D016-8374-4A85-8E8E-6214F5A9BC9A}.Ad-Hoc|x86.ActiveCfg = Debug|Any CPU
		{3A95D016-8374-4A85-8E8E-6214F5A9BC9A}.Ad-Hoc|x86.Build.0 = Debug|Any CPU
		{3A95D016-8374-4A85-8E8E-6214F5A9BC9A}.Ad-Hoc|x86.Deploy.0 = Debug|Any CPU
		{3A95D016-8374-4A85-8E8E-6214F5A9BC9A}.AppStore|Any CPU.ActiveCfg = Release|Any CPU
		{3A95D016-8374-4A85-8E8E-6214F5A9BC9A}.AppStore|Any CPU.Build.0 = Release|Any CPU
		{3A95D016-8374-4A85-8E8E-6214F5A9BC9A}.AppStore|Any CPU.Deploy.0 = Release|Any CPU
		{3A95D016-8374-4A85-8E8E-6214F5A9BC9A}.AppStore|ARM.ActiveCfg = Debug|Any CPU
		{3A95D016-8374-4A85-8E8E-6214F5A9BC9A}.AppStore|ARM.Build.0 = Debug|Any CPU
		{3A95D016-8374-4A85-8E8E-6214F5A9BC9A}.AppStore|ARM.Deploy.0 = Debug|Any CPU
		{3A95D016-8374-4A85-8E8E-6214F5A9BC9A}.AppStore|ARM64.ActiveCfg = Debug|Any CPU
		{3A95D016-8374-4A85-8E8E-6214F5A9BC9A}.AppStore|ARM64.Build.0 = Debug|Any CPU
		{3A95D016-8374-4A85-8E8E-6214F5A9BC9A}.AppStore|ARM64.Deploy.0 = Debug|Any CPU
		{3A95D016-8374-4A85-8E8E-6214F5A9BC9A}.AppStore|iPhone.ActiveCfg = Release|Any CPU
		{3A95D016-8374-4A85-8E8E-6214F5A9BC9A}.AppStore|iPhone.Build.0 = Release|Any CPU
		{3A95D016-8374-4A85-8E8E-6214F5A9BC9A}.AppStore|iPhone.Deploy.0 = Release|Any CPU
		{3A95D016-8374-4A85-8E8E-6214F5A9BC9A}.AppStore|iPhoneSimulator.ActiveCfg = Release|Any CPU
		{3A95D016-8374-4A85-8E8E-6214F5A9BC9A}.AppStore|iPhoneSimulator.Build.0 = Release|Any CPU
		{3A95D016-8374-4A85-8E8E-6214F5A9BC9A}.AppStore|iPhoneSimulator.Deploy.0 = Release|Any CPU
		{3A95D016-8374-4A85-8E8E-6214F5A9BC9A}.AppStore|x64.ActiveCfg = Debug|Any CPU
		{3A95D016-8374-4A85-8E8E-6214F5A9BC9A}.AppStore|x64.Build.0 = Debug|Any CPU
		{3A95D016-8374-4A85-8E8E-6214F5A9BC9A}.AppStore|x64.Deploy.0 = Debug|Any CPU
		{3A95D016-8374-4A85-8E8E-6214F5A9BC9A}.AppStore|x86.ActiveCfg = Debug|Any CPU
		{3A95D016-8374-4A85-8E8E-6214F5A9BC9A}.AppStore|x86.Build.0 = Debug|Any CPU
		{3A95D016-8374-4A85-8E8E-6214F5A9BC9A}.AppStore|x86.Deploy.0 = Debug|Any CPU
		{3A95D016-8374-4A85-8E8E-6214F5A9BC9A}.Debug|Any CPU.ActiveCfg = Debug|Any CPU
		{3A95D016-8374-4A85-8E8E-6214F5A9BC9A}.Debug|Any CPU.Build.0 = Debug|Any CPU
		{3A95D016-8374-4A85-8E8E-6214F5A9BC9A}.Debug|Any CPU.Deploy.0 = Debug|Any CPU
		{3A95D016-8374-4A85-8E8E-6214F5A9BC9A}.Debug|ARM.ActiveCfg = Debug|Any CPU
		{3A95D016-8374-4A85-8E8E-6214F5A9BC9A}.Debug|ARM.Build.0 = Debug|Any CPU
		{3A95D016-8374-4A85-8E8E-6214F5A9BC9A}.Debug|ARM.Deploy.0 = Debug|Any CPU
		{3A95D016-8374-4A85-8E8E-6214F5A9BC9A}.Debug|ARM64.ActiveCfg = Debug|Any CPU
		{3A95D016-8374-4A85-8E8E-6214F5A9BC9A}.Debug|ARM64.Build.0 = Debug|Any CPU
		{3A95D016-8374-4A85-8E8E-6214F5A9BC9A}.Debug|ARM64.Deploy.0 = Debug|Any CPU
		{3A95D016-8374-4A85-8E8E-6214F5A9BC9A}.Debug|iPhone.ActiveCfg = Debug|Any CPU
		{3A95D016-8374-4A85-8E8E-6214F5A9BC9A}.Debug|iPhone.Build.0 = Debug|Any CPU
		{3A95D016-8374-4A85-8E8E-6214F5A9BC9A}.Debug|iPhone.Deploy.0 = Debug|Any CPU
		{3A95D016-8374-4A85-8E8E-6214F5A9BC9A}.Debug|iPhoneSimulator.ActiveCfg = Debug|Any CPU
		{3A95D016-8374-4A85-8E8E-6214F5A9BC9A}.Debug|iPhoneSimulator.Build.0 = Debug|Any CPU
		{3A95D016-8374-4A85-8E8E-6214F5A9BC9A}.Debug|iPhoneSimulator.Deploy.0 = Debug|Any CPU
		{3A95D016-8374-4A85-8E8E-6214F5A9BC9A}.Debug|x64.ActiveCfg = Debug|Any CPU
		{3A95D016-8374-4A85-8E8E-6214F5A9BC9A}.Debug|x64.Build.0 = Debug|Any CPU
		{3A95D016-8374-4A85-8E8E-6214F5A9BC9A}.Debug|x64.Deploy.0 = Debug|Any CPU
		{3A95D016-8374-4A85-8E8E-6214F5A9BC9A}.Debug|x86.ActiveCfg = Debug|Any CPU
		{3A95D016-8374-4A85-8E8E-6214F5A9BC9A}.Debug|x86.Build.0 = Debug|Any CPU
		{3A95D016-8374-4A85-8E8E-6214F5A9BC9A}.Debug|x86.Deploy.0 = Debug|Any CPU
		{3A95D016-8374-4A85-8E8E-6214F5A9BC9A}.Release|Any CPU.ActiveCfg = Release|Any CPU
		{3A95D016-8374-4A85-8E8E-6214F5A9BC9A}.Release|Any CPU.Build.0 = Release|Any CPU
		{3A95D016-8374-4A85-8E8E-6214F5A9BC9A}.Release|Any CPU.Deploy.0 = Release|Any CPU
		{3A95D016-8374-4A85-8E8E-6214F5A9BC9A}.Release|ARM.ActiveCfg = Release|Any CPU
		{3A95D016-8374-4A85-8E8E-6214F5A9BC9A}.Release|ARM.Build.0 = Release|Any CPU
		{3A95D016-8374-4A85-8E8E-6214F5A9BC9A}.Release|ARM.Deploy.0 = Release|Any CPU
		{3A95D016-8374-4A85-8E8E-6214F5A9BC9A}.Release|ARM64.ActiveCfg = Release|Any CPU
		{3A95D016-8374-4A85-8E8E-6214F5A9BC9A}.Release|ARM64.Build.0 = Release|Any CPU
		{3A95D016-8374-4A85-8E8E-6214F5A9BC9A}.Release|ARM64.Deploy.0 = Release|Any CPU
		{3A95D016-8374-4A85-8E8E-6214F5A9BC9A}.Release|iPhone.ActiveCfg = Release|Any CPU
		{3A95D016-8374-4A85-8E8E-6214F5A9BC9A}.Release|iPhone.Build.0 = Release|Any CPU
		{3A95D016-8374-4A85-8E8E-6214F5A9BC9A}.Release|iPhone.Deploy.0 = Release|Any CPU
		{3A95D016-8374-4A85-8E8E-6214F5A9BC9A}.Release|iPhoneSimulator.ActiveCfg = Release|Any CPU
		{3A95D016-8374-4A85-8E8E-6214F5A9BC9A}.Release|iPhoneSimulator.Build.0 = Release|Any CPU
		{3A95D016-8374-4A85-8E8E-6214F5A9BC9A}.Release|iPhoneSimulator.Deploy.0 = Release|Any CPU
		{3A95D016-8374-4A85-8E8E-6214F5A9BC9A}.Release|x64.ActiveCfg = Release|Any CPU
		{3A95D016-8374-4A85-8E8E-6214F5A9BC9A}.Release|x64.Build.0 = Release|Any CPU
		{3A95D016-8374-4A85-8E8E-6214F5A9BC9A}.Release|x64.Deploy.0 = Release|Any CPU
		{3A95D016-8374-4A85-8E8E-6214F5A9BC9A}.Release|x86.ActiveCfg = Release|Any CPU
		{3A95D016-8374-4A85-8E8E-6214F5A9BC9A}.Release|x86.Build.0 = Release|Any CPU
		{3A95D016-8374-4A85-8E8E-6214F5A9BC9A}.Release|x86.Deploy.0 = Release|Any CPU
		{1EF534B5-1546-44D1-9A17-25880AC90F30}.Ad-Hoc|Any CPU.ActiveCfg = Ad-Hoc|iPhone
		{1EF534B5-1546-44D1-9A17-25880AC90F30}.Ad-Hoc|Any CPU.Build.0 = Ad-Hoc|iPhone
		{1EF534B5-1546-44D1-9A17-25880AC90F30}.Ad-Hoc|Any CPU.Deploy.0 = Ad-Hoc|iPhone
		{1EF534B5-1546-44D1-9A17-25880AC90F30}.Ad-Hoc|ARM.ActiveCfg = Ad-Hoc|iPhoneSimulator
		{1EF534B5-1546-44D1-9A17-25880AC90F30}.Ad-Hoc|ARM64.ActiveCfg = Ad-Hoc|iPhoneSimulator
		{1EF534B5-1546-44D1-9A17-25880AC90F30}.Ad-Hoc|iPhone.ActiveCfg = Ad-Hoc|iPhone
		{1EF534B5-1546-44D1-9A17-25880AC90F30}.Ad-Hoc|iPhone.Build.0 = Ad-Hoc|iPhone
		{1EF534B5-1546-44D1-9A17-25880AC90F30}.Ad-Hoc|iPhone.Deploy.0 = Ad-Hoc|iPhone
		{1EF534B5-1546-44D1-9A17-25880AC90F30}.Ad-Hoc|iPhoneSimulator.ActiveCfg = Ad-Hoc|iPhoneSimulator
		{1EF534B5-1546-44D1-9A17-25880AC90F30}.Ad-Hoc|iPhoneSimulator.Build.0 = Ad-Hoc|iPhoneSimulator
		{1EF534B5-1546-44D1-9A17-25880AC90F30}.Ad-Hoc|iPhoneSimulator.Deploy.0 = Ad-Hoc|iPhoneSimulator
		{1EF534B5-1546-44D1-9A17-25880AC90F30}.Ad-Hoc|x64.ActiveCfg = Ad-Hoc|iPhoneSimulator
		{1EF534B5-1546-44D1-9A17-25880AC90F30}.Ad-Hoc|x86.ActiveCfg = Ad-Hoc|iPhoneSimulator
		{1EF534B5-1546-44D1-9A17-25880AC90F30}.AppStore|Any CPU.ActiveCfg = AppStore|iPhone
		{1EF534B5-1546-44D1-9A17-25880AC90F30}.AppStore|Any CPU.Build.0 = AppStore|iPhone
		{1EF534B5-1546-44D1-9A17-25880AC90F30}.AppStore|Any CPU.Deploy.0 = AppStore|iPhone
		{1EF534B5-1546-44D1-9A17-25880AC90F30}.AppStore|ARM.ActiveCfg = AppStore|iPhoneSimulator
		{1EF534B5-1546-44D1-9A17-25880AC90F30}.AppStore|ARM64.ActiveCfg = AppStore|iPhoneSimulator
		{1EF534B5-1546-44D1-9A17-25880AC90F30}.AppStore|iPhone.ActiveCfg = AppStore|iPhone
		{1EF534B5-1546-44D1-9A17-25880AC90F30}.AppStore|iPhone.Build.0 = AppStore|iPhone
		{1EF534B5-1546-44D1-9A17-25880AC90F30}.AppStore|iPhone.Deploy.0 = AppStore|iPhone
		{1EF534B5-1546-44D1-9A17-25880AC90F30}.AppStore|iPhoneSimulator.ActiveCfg = AppStore|iPhoneSimulator
		{1EF534B5-1546-44D1-9A17-25880AC90F30}.AppStore|iPhoneSimulator.Build.0 = AppStore|iPhoneSimulator
		{1EF534B5-1546-44D1-9A17-25880AC90F30}.AppStore|iPhoneSimulator.Deploy.0 = AppStore|iPhoneSimulator
		{1EF534B5-1546-44D1-9A17-25880AC90F30}.AppStore|x64.ActiveCfg = AppStore|iPhoneSimulator
		{1EF534B5-1546-44D1-9A17-25880AC90F30}.AppStore|x86.ActiveCfg = AppStore|iPhoneSimulator
		{1EF534B5-1546-44D1-9A17-25880AC90F30}.Debug|Any CPU.ActiveCfg = Debug|iPhoneSimulator
		{1EF534B5-1546-44D1-9A17-25880AC90F30}.Debug|Any CPU.Build.0 = Debug|iPhoneSimulator
		{1EF534B5-1546-44D1-9A17-25880AC90F30}.Debug|Any CPU.Deploy.0 = Debug|iPhoneSimulator
		{1EF534B5-1546-44D1-9A17-25880AC90F30}.Debug|ARM.ActiveCfg = Debug|iPhone
		{1EF534B5-1546-44D1-9A17-25880AC90F30}.Debug|ARM64.ActiveCfg = Debug|iPhone
		{1EF534B5-1546-44D1-9A17-25880AC90F30}.Debug|iPhone.ActiveCfg = Debug|iPhone
		{1EF534B5-1546-44D1-9A17-25880AC90F30}.Debug|iPhone.Build.0 = Debug|iPhone
		{1EF534B5-1546-44D1-9A17-25880AC90F30}.Debug|iPhone.Deploy.0 = Debug|iPhone
		{1EF534B5-1546-44D1-9A17-25880AC90F30}.Debug|iPhoneSimulator.ActiveCfg = Debug|iPhoneSimulator
		{1EF534B5-1546-44D1-9A17-25880AC90F30}.Debug|iPhoneSimulator.Build.0 = Debug|iPhoneSimulator
		{1EF534B5-1546-44D1-9A17-25880AC90F30}.Debug|iPhoneSimulator.Deploy.0 = Debug|iPhoneSimulator
		{1EF534B5-1546-44D1-9A17-25880AC90F30}.Debug|x64.ActiveCfg = Debug|iPhone
		{1EF534B5-1546-44D1-9A17-25880AC90F30}.Debug|x86.ActiveCfg = Debug|iPhone
		{1EF534B5-1546-44D1-9A17-25880AC90F30}.Release|Any CPU.ActiveCfg = Release|iPhone
		{1EF534B5-1546-44D1-9A17-25880AC90F30}.Release|Any CPU.Build.0 = Release|iPhone
		{1EF534B5-1546-44D1-9A17-25880AC90F30}.Release|Any CPU.Deploy.0 = Release|iPhone
		{1EF534B5-1546-44D1-9A17-25880AC90F30}.Release|ARM.ActiveCfg = Release|iPhoneSimulator
		{1EF534B5-1546-44D1-9A17-25880AC90F30}.Release|ARM64.ActiveCfg = Release|iPhoneSimulator
		{1EF534B5-1546-44D1-9A17-25880AC90F30}.Release|iPhone.ActiveCfg = Release|iPhone
		{1EF534B5-1546-44D1-9A17-25880AC90F30}.Release|iPhone.Build.0 = Release|iPhone
		{1EF534B5-1546-44D1-9A17-25880AC90F30}.Release|iPhone.Deploy.0 = Release|iPhone
		{1EF534B5-1546-44D1-9A17-25880AC90F30}.Release|iPhoneSimulator.ActiveCfg = Release|iPhoneSimulator
		{1EF534B5-1546-44D1-9A17-25880AC90F30}.Release|iPhoneSimulator.Build.0 = Release|iPhoneSimulator
		{1EF534B5-1546-44D1-9A17-25880AC90F30}.Release|iPhoneSimulator.Deploy.0 = Release|iPhoneSimulator
		{1EF534B5-1546-44D1-9A17-25880AC90F30}.Release|x64.ActiveCfg = Release|iPhoneSimulator
		{1EF534B5-1546-44D1-9A17-25880AC90F30}.Release|x86.ActiveCfg = Release|iPhoneSimulator
		{07B469A5-A474-48EF-B1FF-77B7A0DFFAFA}.Ad-Hoc|Any CPU.ActiveCfg = Debug|Any CPU
		{07B469A5-A474-48EF-B1FF-77B7A0DFFAFA}.Ad-Hoc|Any CPU.Build.0 = Debug|Any CPU
		{07B469A5-A474-48EF-B1FF-77B7A0DFFAFA}.Ad-Hoc|Any CPU.Deploy.0 = Debug|Any CPU
		{07B469A5-A474-48EF-B1FF-77B7A0DFFAFA}.Ad-Hoc|ARM.ActiveCfg = Release|Any CPU
		{07B469A5-A474-48EF-B1FF-77B7A0DFFAFA}.Ad-Hoc|ARM.Build.0 = Release|Any CPU
		{07B469A5-A474-48EF-B1FF-77B7A0DFFAFA}.Ad-Hoc|ARM64.ActiveCfg = Release|Any CPU
		{07B469A5-A474-48EF-B1FF-77B7A0DFFAFA}.Ad-Hoc|ARM64.Build.0 = Release|Any CPU
		{07B469A5-A474-48EF-B1FF-77B7A0DFFAFA}.Ad-Hoc|iPhone.ActiveCfg = Debug|Any CPU
		{07B469A5-A474-48EF-B1FF-77B7A0DFFAFA}.Ad-Hoc|iPhone.Build.0 = Debug|Any CPU
		{07B469A5-A474-48EF-B1FF-77B7A0DFFAFA}.Ad-Hoc|iPhone.Deploy.0 = Debug|Any CPU
		{07B469A5-A474-48EF-B1FF-77B7A0DFFAFA}.Ad-Hoc|iPhoneSimulator.ActiveCfg = Debug|Any CPU
		{07B469A5-A474-48EF-B1FF-77B7A0DFFAFA}.Ad-Hoc|iPhoneSimulator.Build.0 = Debug|Any CPU
		{07B469A5-A474-48EF-B1FF-77B7A0DFFAFA}.Ad-Hoc|iPhoneSimulator.Deploy.0 = Debug|Any CPU
		{07B469A5-A474-48EF-B1FF-77B7A0DFFAFA}.Ad-Hoc|x64.ActiveCfg = Release|Any CPU
		{07B469A5-A474-48EF-B1FF-77B7A0DFFAFA}.Ad-Hoc|x64.Build.0 = Release|Any CPU
		{07B469A5-A474-48EF-B1FF-77B7A0DFFAFA}.Ad-Hoc|x86.ActiveCfg = Release|Any CPU
		{07B469A5-A474-48EF-B1FF-77B7A0DFFAFA}.Ad-Hoc|x86.Build.0 = Release|Any CPU
		{07B469A5-A474-48EF-B1FF-77B7A0DFFAFA}.AppStore|Any CPU.ActiveCfg = Debug|Any CPU
		{07B469A5-A474-48EF-B1FF-77B7A0DFFAFA}.AppStore|Any CPU.Build.0 = Debug|Any CPU
		{07B469A5-A474-48EF-B1FF-77B7A0DFFAFA}.AppStore|Any CPU.Deploy.0 = Debug|Any CPU
		{07B469A5-A474-48EF-B1FF-77B7A0DFFAFA}.AppStore|ARM.ActiveCfg = Release|Any CPU
		{07B469A5-A474-48EF-B1FF-77B7A0DFFAFA}.AppStore|ARM.Build.0 = Release|Any CPU
		{07B469A5-A474-48EF-B1FF-77B7A0DFFAFA}.AppStore|ARM64.ActiveCfg = Release|Any CPU
		{07B469A5-A474-48EF-B1FF-77B7A0DFFAFA}.AppStore|ARM64.Build.0 = Release|Any CPU
		{07B469A5-A474-48EF-B1FF-77B7A0DFFAFA}.AppStore|iPhone.ActiveCfg = Debug|Any CPU
		{07B469A5-A474-48EF-B1FF-77B7A0DFFAFA}.AppStore|iPhone.Build.0 = Debug|Any CPU
		{07B469A5-A474-48EF-B1FF-77B7A0DFFAFA}.AppStore|iPhone.Deploy.0 = Debug|Any CPU
		{07B469A5-A474-48EF-B1FF-77B7A0DFFAFA}.AppStore|iPhoneSimulator.ActiveCfg = Debug|Any CPU
		{07B469A5-A474-48EF-B1FF-77B7A0DFFAFA}.AppStore|iPhoneSimulator.Build.0 = Debug|Any CPU
		{07B469A5-A474-48EF-B1FF-77B7A0DFFAFA}.AppStore|iPhoneSimulator.Deploy.0 = Debug|Any CPU
		{07B469A5-A474-48EF-B1FF-77B7A0DFFAFA}.AppStore|x64.ActiveCfg = Release|Any CPU
		{07B469A5-A474-48EF-B1FF-77B7A0DFFAFA}.AppStore|x64.Build.0 = Release|Any CPU
		{07B469A5-A474-48EF-B1FF-77B7A0DFFAFA}.AppStore|x86.ActiveCfg = Release|Any CPU
		{07B469A5-A474-48EF-B1FF-77B7A0DFFAFA}.AppStore|x86.Build.0 = Release|Any CPU
		{07B469A5-A474-48EF-B1FF-77B7A0DFFAFA}.Debug|Any CPU.ActiveCfg = Debug|Any CPU
		{07B469A5-A474-48EF-B1FF-77B7A0DFFAFA}.Debug|Any CPU.Build.0 = Debug|Any CPU
		{07B469A5-A474-48EF-B1FF-77B7A0DFFAFA}.Debug|Any CPU.Deploy.0 = Debug|Any CPU
		{07B469A5-A474-48EF-B1FF-77B7A0DFFAFA}.Debug|ARM.ActiveCfg = Debug|Any CPU
		{07B469A5-A474-48EF-B1FF-77B7A0DFFAFA}.Debug|ARM.Build.0 = Debug|Any CPU
		{07B469A5-A474-48EF-B1FF-77B7A0DFFAFA}.Debug|ARM64.ActiveCfg = Debug|Any CPU
		{07B469A5-A474-48EF-B1FF-77B7A0DFFAFA}.Debug|ARM64.Build.0 = Debug|Any CPU
		{07B469A5-A474-48EF-B1FF-77B7A0DFFAFA}.Debug|iPhone.ActiveCfg = Debug|Any CPU
		{07B469A5-A474-48EF-B1FF-77B7A0DFFAFA}.Debug|iPhone.Build.0 = Debug|Any CPU
		{07B469A5-A474-48EF-B1FF-77B7A0DFFAFA}.Debug|iPhone.Deploy.0 = Debug|Any CPU
		{07B469A5-A474-48EF-B1FF-77B7A0DFFAFA}.Debug|iPhoneSimulator.ActiveCfg = Debug|Any CPU
		{07B469A5-A474-48EF-B1FF-77B7A0DFFAFA}.Debug|iPhoneSimulator.Build.0 = Debug|Any CPU
		{07B469A5-A474-48EF-B1FF-77B7A0DFFAFA}.Debug|iPhoneSimulator.Deploy.0 = Debug|Any CPU
		{07B469A5-A474-48EF-B1FF-77B7A0DFFAFA}.Debug|x64.ActiveCfg = Debug|Any CPU
		{07B469A5-A474-48EF-B1FF-77B7A0DFFAFA}.Debug|x64.Build.0 = Debug|Any CPU
		{07B469A5-A474-48EF-B1FF-77B7A0DFFAFA}.Debug|x86.ActiveCfg = Debug|Any CPU
		{07B469A5-A474-48EF-B1FF-77B7A0DFFAFA}.Debug|x86.Build.0 = Debug|Any CPU
		{07B469A5-A474-48EF-B1FF-77B7A0DFFAFA}.Release|Any CPU.ActiveCfg = Release|Any CPU
		{07B469A5-A474-48EF-B1FF-77B7A0DFFAFA}.Release|Any CPU.Build.0 = Release|Any CPU
		{07B469A5-A474-48EF-B1FF-77B7A0DFFAFA}.Release|Any CPU.Deploy.0 = Release|Any CPU
		{07B469A5-A474-48EF-B1FF-77B7A0DFFAFA}.Release|ARM.ActiveCfg = Release|Any CPU
		{07B469A5-A474-48EF-B1FF-77B7A0DFFAFA}.Release|ARM.Build.0 = Release|Any CPU
		{07B469A5-A474-48EF-B1FF-77B7A0DFFAFA}.Release|ARM64.ActiveCfg = Release|Any CPU
		{07B469A5-A474-48EF-B1FF-77B7A0DFFAFA}.Release|ARM64.Build.0 = Release|Any CPU
		{07B469A5-A474-48EF-B1FF-77B7A0DFFAFA}.Release|iPhone.ActiveCfg = Release|Any CPU
		{07B469A5-A474-48EF-B1FF-77B7A0DFFAFA}.Release|iPhone.Build.0 = Release|Any CPU
		{07B469A5-A474-48EF-B1FF-77B7A0DFFAFA}.Release|iPhone.Deploy.0 = Release|Any CPU
		{07B469A5-A474-48EF-B1FF-77B7A0DFFAFA}.Release|iPhoneSimulator.ActiveCfg = Release|Any CPU
		{07B469A5-A474-48EF-B1FF-77B7A0DFFAFA}.Release|iPhoneSimulator.Build.0 = Release|Any CPU
		{07B469A5-A474-48EF-B1FF-77B7A0DFFAFA}.Release|iPhoneSimulator.Deploy.0 = Release|Any CPU
		{07B469A5-A474-48EF-B1FF-77B7A0DFFAFA}.Release|x64.ActiveCfg = Release|Any CPU
		{07B469A5-A474-48EF-B1FF-77B7A0DFFAFA}.Release|x64.Build.0 = Release|Any CPU
		{07B469A5-A474-48EF-B1FF-77B7A0DFFAFA}.Release|x86.ActiveCfg = Release|Any CPU
		{07B469A5-A474-48EF-B1FF-77B7A0DFFAFA}.Release|x86.Build.0 = Release|Any CPU
	EndGlobalSection
	GlobalSection(SolutionProperties) = preSolution
		HideSolutionNode = FALSE
	EndGlobalSection
	GlobalSection(ExtensibilityGlobals) = postSolution
		SolutionGuid = {D7ECB997-74F4-4E7D-94AF-10FB46091587}
	EndGlobalSection
EndGlobal
